// !$*UTF8*$!
{
	archiveVersion = 1;
	classes = {
	};
	objectVersion = 56;
	objects = {

/* Begin PBXBuildFile section */
		D2137FC9297FCFEC006E097E /* AppDelegate.swift in Sources */ = {isa = PBXBuildFile; fileRef = D2137FC8297FCFEC006E097E /* AppDelegate.swift */; };
		D2137FCB297FCFEC006E097E /* SceneDelegate.swift in Sources */ = {isa = PBXBuildFile; fileRef = D2137FCA297FCFEC006E097E /* SceneDelegate.swift */; };
		D2137FCD297FCFEC006E097E /* ViewController.swift in Sources */ = {isa = PBXBuildFile; fileRef = D2137FCC297FCFEC006E097E /* ViewController.swift */; };
		D2137FD0297FCFEC006E097E /* Main.storyboard in Resources */ = {isa = PBXBuildFile; fileRef = D2137FCE297FCFEC006E097E /* Main.storyboard */; };
		D2137FD2297FCFED006E097E /* Assets.xcassets in Resources */ = {isa = PBXBuildFile; fileRef = D2137FD1297FCFED006E097E /* Assets.xcassets */; };
		D2137FD5297FCFED006E097E /* LaunchScreen.storyboard in Resources */ = {isa = PBXBuildFile; fileRef = D2137FD3297FCFED006E097E /* LaunchScreen.storyboard */; };
		D2137FDD297FD0FB006E097E /* MeCell.xib in Resources */ = {isa = PBXBuildFile; fileRef = D2137FDC297FD0FB006E097E /* MeCell.xib */; };
		D2137FDF297FD1B4006E097E /* OtherCell.xib in Resources */ = {isa = PBXBuildFile; fileRef = D2137FDE297FD1B4006E097E /* OtherCell.xib */; };
		D2137FE1297FD2F6006E097E /* MeCell.swift in Sources */ = {isa = PBXBuildFile; fileRef = D2137FE0297FD2F6006E097E /* MeCell.swift */; };
		D2137FE3297FD2FC006E097E /* OtherCell.swift in Sources */ = {isa = PBXBuildFile; fileRef = D2137FE2297FD2FC006E097E /* OtherCell.swift */; };
		D2137FE5297FD4FC006E097E /* MsgRequest.swift in Sources */ = {isa = PBXBuildFile; fileRef = D2137FE4297FD4FC006E097E /* MsgRequest.swift */; };
		D2137FE8297FD655006E097E /* Alamofire in Frameworks */ = {isa = PBXBuildFile; productRef = D2137FE7297FD655006E097E /* Alamofire */; };
		D2137FEB2982643C006E097E /* MessageKit in Frameworks */ = {isa = PBXBuildFile; productRef = D2137FEA2982643C006E097E /* MessageKit */; };
/* End PBXBuildFile section */

/* Begin PBXFileReference section */
		D2137FC5297FCFEC006E097E /* chatbotApp.app */ = {isa = PBXFileReference; explicitFileType = wrapper.application; includeInIndex = 0; path = chatbotApp.app; sourceTree = BUILT_PRODUCTS_DIR; };
		D2137FC8297FCFEC006E097E /* AppDelegate.swift */ = {isa = PBXFileReference; lastKnownFileType = sourcecode.swift; path = AppDelegate.swift; sourceTree = "<group>"; };
		D2137FCA297FCFEC006E097E /* SceneDelegate.swift */ = {isa = PBXFileReference; lastKnownFileType = sourcecode.swift; path = SceneDelegate.swift; sourceTree = "<group>"; };
		D2137FCC297FCFEC006E097E /* ViewController.swift */ = {isa = PBXFileReference; lastKnownFileType = sourcecode.swift; path = ViewController.swift; sourceTree = "<group>"; };
		D2137FCF297FCFEC006E097E /* Base */ = {isa = PBXFileReference; lastKnownFileType = file.storyboard; name = Base; path = Base.lproj/Main.storyboard; sourceTree = "<group>"; };
		D2137FD1297FCFED006E097E /* Assets.xcassets */ = {isa = PBXFileReference; lastKnownFileType = folder.assetcatalog; path = Assets.xcassets; sourceTree = "<group>"; };
		D2137FD4297FCFED006E097E /* Base */ = {isa = PBXFileReference; lastKnownFileType = file.storyboard; name = Base; path = Base.lproj/LaunchScreen.storyboard; sourceTree = "<group>"; };
		D2137FD6297FCFED006E097E /* Info.plist */ = {isa = PBXFileReference; lastKnownFileType = text.plist.xml; path = Info.plist; sourceTree = "<group>"; };
		D2137FDC297FD0FB006E097E /* MeCell.xib */ = {isa = PBXFileReference; lastKnownFileType = file.xib; path = MeCell.xib; sourceTree = "<group>"; };
		D2137FDE297FD1B4006E097E /* OtherCell.xib */ = {isa = PBXFileReference; lastKnownFileType = file.xib; path = OtherCell.xib; sourceTree = "<group>"; };
		D2137FE0297FD2F6006E097E /* MeCell.swift */ = {isa = PBXFileReference; lastKnownFileType = sourcecode.swift; path = MeCell.swift; sourceTree = "<group>"; };
		D2137FE2297FD2FC006E097E /* OtherCell.swift */ = {isa = PBXFileReference; lastKnownFileType = sourcecode.swift; path = OtherCell.swift; sourceTree = "<group>"; };
		D2137FE4297FD4FC006E097E /* MsgRequest.swift */ = {isa = PBXFileReference; lastKnownFileType = sourcecode.swift; path = MsgRequest.swift; sourceTree = "<group>"; };
/* End PBXFileReference section */

/* Begin PBXFrameworksBuildPhase section */
		D2137FC2297FCFEC006E097E /* Frameworks */ = {
			isa = PBXFrameworksBuildPhase;
			buildActionMask = 2147483647;
			files = (
				D2137FE8297FD655006E097E /* Alamofire in Frameworks */,
				D2137FEB2982643C006E097E /* MessageKit in Frameworks */,
			);
			runOnlyForDeploymentPostprocessing = 0;
		};
/* End PBXFrameworksBuildPhase section */

/* Begin PBXGroup section */
		D2137FBC297FCFEC006E097E = {
			isa = PBXGroup;
			children = (
				D2137FC7297FCFEC006E097E /* chatbotApp */,
				D2137FC6297FCFEC006E097E /* Products */,
			);
			sourceTree = "<group>";
		};
		D2137FC6297FCFEC006E097E /* Products */ = {
			isa = PBXGroup;
			children = (
				D2137FC5297FCFEC006E097E /* chatbotApp.app */,
			);
			name = Products;
			sourceTree = "<group>";
		};
		D2137FC7297FCFEC006E097E /* chatbotApp */ = {
			isa = PBXGroup;
			children = (
				D2137FC8297FCFEC006E097E /* AppDelegate.swift */,
				D2137FCA297FCFEC006E097E /* SceneDelegate.swift */,
				D2137FCC297FCFEC006E097E /* ViewController.swift */,
				D2137FCE297FCFEC006E097E /* Main.storyboard */,
				D2137FD1297FCFED006E097E /* Assets.xcassets */,
				D2137FD3297FCFED006E097E /* LaunchScreen.storyboard */,
				D2137FD6297FCFED006E097E /* Info.plist */,
				D2137FDC297FD0FB006E097E /* MeCell.xib */,
				D2137FDE297FD1B4006E097E /* OtherCell.xib */,
				D2137FE0297FD2F6006E097E /* MeCell.swift */,
				D2137FE2297FD2FC006E097E /* OtherCell.swift */,
				D2137FE4297FD4FC006E097E /* MsgRequest.swift */,
			);
			path = chatbotApp;
			sourceTree = "<group>";
		};
/* End PBXGroup section */

/* Begin PBXNativeTarget section */
		D2137FC4297FCFEC006E097E /* chatbotApp */ = {
			isa = PBXNativeTarget;
			buildConfigurationList = D2137FD9297FCFED006E097E /* Build configuration list for PBXNativeTarget "chatbotApp" */;
			buildPhases = (
				D2137FC1297FCFEC006E097E /* Sources */,
				D2137FC2297FCFEC006E097E /* Frameworks */,
				D2137FC3297FCFEC006E097E /* Resources */,
			);
			buildRules = (
			);
			dependencies = (
			);
			name = chatbotApp;
			packageProductDependencies = (
				D2137FE7297FD655006E097E /* Alamofire */,
				D2137FEA2982643C006E097E /* MessageKit */,
			);
			productName = chatbotApp;
			productReference = D2137FC5297FCFEC006E097E /* chatbotApp.app */;
			productType = "com.apple.product-type.application";
		};
/* End PBXNativeTarget section */

/* Begin PBXProject section */
		D2137FBD297FCFEC006E097E /* Project object */ = {
			isa = PBXProject;
			attributes = {
				BuildIndependentTargetsInParallel = 1;
				LastSwiftUpdateCheck = 1410;
				LastUpgradeCheck = 1410;
				TargetAttributes = {
					D2137FC4297FCFEC006E097E = {
						CreatedOnToolsVersion = 14.1;
					};
				};
			};
			buildConfigurationList = D2137FC0297FCFEC006E097E /* Build configuration list for PBXProject "chatbotApp" */;
			compatibilityVersion = "Xcode 14.0";
			developmentRegion = en;
			hasScannedForEncodings = 0;
			knownRegions = (
				en,
				Base,
			);
			mainGroup = D2137FBC297FCFEC006E097E;
			packageReferences = (
				D2137FE6297FD655006E097E /* XCRemoteSwiftPackageReference "Alamofire" */,
				D2137FE92982643C006E097E /* XCRemoteSwiftPackageReference "MessageKit" */,
			);
			productRefGroup = D2137FC6297FCFEC006E097E /* Products */;
			projectDirPath = "";
			projectRoot = "";
			targets = (
				D2137FC4297FCFEC006E097E /* chatbotApp */,
			);
		};
/* End PBXProject section */

/* Begin PBXResourcesBuildPhase section */
		D2137FC3297FCFEC006E097E /* Resources */ = {
			isa = PBXResourcesBuildPhase;
			buildActionMask = 2147483647;
			files = (
				D2137FD5297FCFED006E097E /* LaunchScreen.storyboard in Resources */,
				D2137FDD297FD0FB006E097E /* MeCell.xib in Resources */,
				D2137FD2297FCFED006E097E /* Assets.xcassets in Resources */,
				D2137FDF297FD1B4006E097E /* OtherCell.xib in Resources */,
				D2137FD0297FCFEC006E097E /* Main.storyboard in Resources */,
			);
			runOnlyForDeploymentPostprocessing = 0;
		};
/* End PBXResourcesBuildPhase section */

/* Begin PBXSourcesBuildPhase section */
		D2137FC1297FCFEC006E097E /* Sources */ = {
			isa = PBXSourcesBuildPhase;
			buildActionMask = 2147483647;
			files = (
				D2137FCD297FCFEC006E097E /* ViewController.swift in Sources */,
				D2137FE1297FD2F6006E097E /* MeCell.swift in Sources */,
				D2137FE3297FD2FC006E097E /* OtherCell.swift in Sources */,
				D2137FE5297FD4FC006E097E /* MsgRequest.swift in Sources */,
				D2137FC9297FCFEC006E097E /* AppDelegate.swift in Sources */,
				D2137FCB297FCFEC006E097E /* SceneDelegate.swift in Sources */,
			);
			runOnlyForDeploymentPostprocessing = 0;
		};
/* End PBXSourcesBuildPhase section */

/* Begin PBXVariantGroup section */
		D2137FCE297FCFEC006E097E /* Main.storyboard */ = {
			isa = PBXVariantGroup;
			children = (
				D2137FCF297FCFEC006E097E /* Base */,
			);
			name = Main.storyboard;
			sourceTree = "<group>";
		};
		D2137FD3297FCFED006E097E /* LaunchScreen.storyboard */ = {
			isa = PBXVariantGroup;
			children = (
				D2137FD4297FCFED006E097E /* Base */,
			);
			name = LaunchScreen.storyboard;
			sourceTree = "<group>";
		};
/* End PBXVariantGroup section */

/* Begin XCBuildConfiguration section */
		D2137FD7297FCFED006E097E /* Debug */ = {
			isa = XCBuildConfiguration;
			buildSettings = {
				ALWAYS_SEARCH_USER_PATHS = NO;
				CLANG_ANALYZER_NONNULL = YES;
				CLANG_ANALYZER_NUMBER_OBJECT_CONVERSION = YES_AGGRESSIVE;
				CLANG_CXX_LANGUAGE_STANDARD = "gnu++20";
				CLANG_ENABLE_MODULES = YES;
				CLANG_ENABLE_OBJC_ARC = YES;
				CLANG_ENABLE_OBJC_WEAK = YES;
				CLANG_WARN_BLOCK_CAPTURE_AUTORELEASING = YES;
				CLANG_WARN_BOOL_CONVERSION = YES;
				CLANG_WARN_COMMA = YES;
				CLANG_WARN_CONSTANT_CONVERSION = YES;
				CLANG_WARN_DEPRECATED_OBJC_IMPLEMENTATIONS = YES;
				CLANG_WARN_DIRECT_OBJC_ISA_USAGE = YES_ERROR;
				CLANG_WARN_DOCUMENTATION_COMMENTS = YES;
				CLANG_WARN_EMPTY_BODY = YES;
				CLANG_WARN_ENUM_CONVERSION = YES;
				CLANG_WARN_INFINITE_RECURSION = YES;
				CLANG_WARN_INT_CONVERSION = YES;
				CLANG_WARN_NON_LITERAL_NULL_CONVERSION = YES;
				CLANG_WARN_OBJC_IMPLICIT_RETAIN_SELF = YES;
				CLANG_WARN_OBJC_LITERAL_CONVERSION = YES;
				CLANG_WARN_OBJC_ROOT_CLASS = YES_ERROR;
				CLANG_WARN_QUOTED_INCLUDE_IN_FRAMEWORK_HEADER = YES;
				CLANG_WARN_RANGE_LOOP_ANALYSIS = YES;
				CLANG_WARN_STRICT_PROTOTYPES = YES;
				CLANG_WARN_SUSPICIOUS_MOVE = YES;
				CLANG_WARN_UNGUARDED_AVAILABILITY = YES_AGGRESSIVE;
				CLANG_WARN_UNREACHABLE_CODE = YES;
				CLANG_WARN__DUPLICATE_METHOD_MATCH = YES;
				COPY_PHASE_STRIP = NO;
				DEBUG_INFORMATION_FORMAT = dwarf;
				ENABLE_STRICT_OBJC_MSGSEND = YES;
				ENABLE_TESTABILITY = YES;
				GCC_C_LANGUAGE_STANDARD = gnu11;
				GCC_DYNAMIC_NO_PIC = NO;
				GCC_NO_COMMON_BLOCKS = YES;
				GCC_OPTIMIZATION_LEVEL = 0;
				GCC_PREPROCESSOR_DEFINITIONS = (
					"DEBUG=1",
					"$(inherited)",
				);
				GCC_WARN_64_TO_32_BIT_CONVERSION = YES;
				GCC_WARN_ABOUT_RETURN_TYPE = YES_ERROR;
				GCC_WARN_UNDECLARED_SELECTOR = YES;
				GCC_WARN_UNINITIALIZED_AUTOS = YES_AGGRESSIVE;
				GCC_WARN_UNUSED_FUNCTION = YES;
				GCC_WARN_UNUSED_VARIABLE = YES;
				IPHONEOS_DEPLOYMENT_TARGET = 16.1;
				MTL_ENABLE_DEBUG_INFO = INCLUDE_SOURCE;
				MTL_FAST_MATH = YES;
				ONLY_ACTIVE_ARCH = YES;
				SDKROOT = iphoneos;
				SWIFT_ACTIVE_COMPILATION_CONDITIONS = DEBUG;
				SWIFT_OPTIMIZATION_LEVEL = "-Onone";
			};
			name = Debug;
		};
		D2137FD8297FCFED006E097E /* Release */ = {
			isa = XCBuildConfiguration;
			buildSettings = {
				ALWAYS_SEARCH_USER_PATHS = NO;
				CLANG_ANALYZER_NONNULL = YES;
				CLANG_ANALYZER_NUMBER_OBJECT_CONVERSION = YES_AGGRESSIVE;
				CLANG_CXX_LANGUAGE_STANDARD = "gnu++20";
				CLANG_ENABLE_MODULES = YES;
				CLANG_ENABLE_OBJC_ARC = YES;
				CLANG_ENABLE_OBJC_WEAK = YES;
				CLANG_WARN_BLOCK_CAPTURE_AUTORELEASING = YES;
				CLANG_WARN_BOOL_CONVERSION = YES;
				CLANG_WARN_COMMA = YES;
				CLANG_WARN_CONSTANT_CONVERSION = YES;
				CLANG_WARN_DEPRECATED_OBJC_IMPLEMENTATIONS = YES;
				CLANG_WARN_DIRECT_OBJC_ISA_USAGE = YES_ERROR;
				CLANG_WARN_DOCUMENTATION_COMMENTS = YES;
				CLANG_WARN_EMPTY_BODY = YES;
				CLANG_WARN_ENUM_CONVERSION = YES;
				CLANG_WARN_INFINITE_RECURSION = YES;
				CLANG_WARN_INT_CONVERSION = YES;
				CLANG_WARN_NON_LITERAL_NULL_CONVERSION = YES;
				CLANG_WARN_OBJC_IMPLICIT_RETAIN_SELF = YES;
				CLANG_WARN_OBJC_LITERAL_CONVERSION = YES;
				CLANG_WARN_OBJC_ROOT_CLASS = YES_ERROR;
				CLANG_WARN_QUOTED_INCLUDE_IN_FRAMEWORK_HEADER = YES;
				CLANG_WARN_RANGE_LOOP_ANALYSIS = YES;
				CLANG_WARN_STRICT_PROTOTYPES = YES;
				CLANG_WARN_SUSPICIOUS_MOVE = YES;
				CLANG_WARN_UNGUARDED_AVAILABILITY = YES_AGGRESSIVE;
				CLANG_WARN_UNREACHABLE_CODE = YES;
				CLANG_WARN__DUPLICATE_METHOD_MATCH = YES;
				COPY_PHASE_STRIP = NO;
				DEBUG_INFORMATION_FORMAT = "dwarf-with-dsym";
				ENABLE_NS_ASSERTIONS = NO;
				ENABLE_STRICT_OBJC_MSGSEND = YES;
				GCC_C_LANGUAGE_STANDARD = gnu11;
				GCC_NO_COMMON_BLOCKS = YES;
				GCC_WARN_64_TO_32_BIT_CONVERSION = YES;
				GCC_WARN_ABOUT_RETURN_TYPE = YES_ERROR;
				GCC_WARN_UNDECLARED_SELECTOR = YES;
				GCC_WARN_UNINITIALIZED_AUTOS = YES_AGGRESSIVE;
				GCC_WARN_UNUSED_FUNCTION = YES;
				GCC_WARN_UNUSED_VARIABLE = YES;
				IPHONEOS_DEPLOYMENT_TARGET = 16.1;
				MTL_ENABLE_DEBUG_INFO = NO;
				MTL_FAST_MATH = YES;
				SDKROOT = iphoneos;
				SWIFT_COMPILATION_MODE = wholemodule;
				SWIFT_OPTIMIZATION_LEVEL = "-O";
				VALIDATE_PRODUCT = YES;
			};
			name = Release;
		};
		D2137FDA297FCFED006E097E /* Debug */ = {
			isa = XCBuildConfiguration;
			buildSettings = {
				ASSETCATALOG_COMPILER_APPICON_NAME = AppIcon;
				ASSETCATALOG_COMPILER_GLOBAL_ACCENT_COLOR_NAME = AccentColor;
				CODE_SIGN_STYLE = Automatic;
				CURRENT_PROJECT_VERSION = 1;
				DEVELOPMENT_TEAM = ASQWJ74VPR;
				GENERATE_INFOPLIST_FILE = YES;
				INFOPLIST_FILE = chatbotApp/Info.plist;
				INFOPLIST_KEY_UIApplicationSupportsIndirectInputEvents = YES;
				INFOPLIST_KEY_UILaunchStoryboardName = LaunchScreen;
				INFOPLIST_KEY_UIMainStoryboardFile = Main;
				INFOPLIST_KEY_UISupportedInterfaceOrientations_iPad = "UIInterfaceOrientationPortrait UIInterfaceOrientationPortraitUpsideDown UIInterfaceOrientationLandscapeLeft UIInterfaceOrientationLandscapeRight";
				INFOPLIST_KEY_UISupportedInterfaceOrientations_iPhone = "UIInterfaceOrientationPortrait UIInterfaceOrientationLandscapeLeft UIInterfaceOrientationLandscapeRight";
				LD_RUNPATH_SEARCH_PATHS = (
					"$(inherited)",
					"@executable_path/Frameworks",
				);
				MARKETING_VERSION = 1.0;
				PRODUCT_BUNDLE_IDENTIFIER = com.minggging.chatbotApp;
				PRODUCT_NAME = "$(TARGET_NAME)";
				SWIFT_EMIT_LOC_STRINGS = YES;
				SWIFT_VERSION = 5.0;
				TARGETED_DEVICE_FAMILY = "1,2";
			};
			name = Debug;
		};
		D2137FDB297FCFED006E097E /* Release */ = {
			isa = XCBuildConfiguration;
			buildSettings = {
				ASSETCATALOG_COMPILER_APPICON_NAME = AppIcon;
				ASSETCATALOG_COMPILER_GLOBAL_ACCENT_COLOR_NAME = AccentColor;
				CODE_SIGN_STYLE = Automatic;
				CURRENT_PROJECT_VERSION = 1;
				DEVELOPMENT_TEAM = ASQWJ74VPR;
				GENERATE_INFOPLIST_FILE = YES;
				INFOPLIST_FILE = chatbotApp/Info.plist;
				INFOPLIST_KEY_UIApplicationSupportsIndirectInputEvents = YES;
				INFOPLIST_KEY_UILaunchStoryboardName = LaunchScreen;
				INFOPLIST_KEY_UIMainStoryboardFile = Main;
				INFOPLIST_KEY_UISupportedInterfaceOrientations_iPad = "UIInterfaceOrientationPortrait UIInterfaceOrientationPortraitUpsideDown UIInterfaceOrientationLandscapeLeft UIInterfaceOrientationLandscapeRight";
				INFOPLIST_KEY_UISupportedInterfaceOrientations_iPhone = "UIInterfaceOrientationPortrait UIInterfaceOrientationLandscapeLeft UIInterfaceOrientationLandscapeRight";
				LD_RUNPATH_SEARCH_PATHS = (
					"$(inherited)",
					"@executable_path/Frameworks",
				);
				MARKETING_VERSION = 1.0;
				PRODUCT_BUNDLE_IDENTIFIER = com.minggging.chatbotApp;
				PRODUCT_NAME = "$(TARGET_NAME)";
				SWIFT_EMIT_LOC_STRINGS = YES;
				SWIFT_VERSION = 5.0;
				TARGETED_DEVICE_FAMILY = "1,2";
			};
			name = Release;
		};
/* End XCBuildConfiguration section */

/* Begin XCConfigurationList section */
		D2137FC0297FCFEC006E097E /* Build configuration list for PBXProject "chatbotApp" */ = {
			isa = XCConfigurationList;
			buildConfigurations = (
				D2137FD7297FCFED006E097E /* Debug */,
				D2137FD8297FCFED006E097E /* Release */,
			);
			defaultConfigurationIsVisible = 0;
			defaultConfigurationName = Release;
		};
		D2137FD9297FCFED006E097E /* Build configuration list for PBXNativeTarget "chatbotApp" */ = {
			isa = XCConfigurationList;
			buildConfigurations = (
				D2137FDA297FCFED006E097E /* Debug */,
				D2137FDB297FCFED006E097E /* Release */,
			);
			defaultConfigurationIsVisible = 0;
			defaultConfigurationName = Release;
		};
/* End XCConfigurationList section */

/* Begin XCRemoteSwiftPackageReference section */
		D2137FE6297FD655006E097E /* XCRemoteSwiftPackageReference "Alamofire" */ = {
			isa = XCRemoteSwiftPackageReference;
			repositoryURL = "https://github.com/Alamofire/Alamofire.git";
			requirement = {
				kind = upToNextMajorVersion;
				minimumVersion = 5.0.0;
			};
		};
		D2137FE92982643C006E097E /* XCRemoteSwiftPackageReference "MessageKit" */ = {
			isa = XCRemoteSwiftPackageReference;
			repositoryURL = "https://github.com/MessageKit/MessageKit";
			requirement = {
				kind = upToNextMajorVersion;
				minimumVersion = 4.0.0;
			};
		};
/* End XCRemoteSwiftPackageReference section */

/* Begin XCSwiftPackageProductDependency section */
		D2137FE7297FD655006E097E /* Alamofire */ = {
			isa = XCSwiftPackageProductDependency;
			package = D2137FE6297FD655006E097E /* XCRemoteSwiftPackageReference "Alamofire" */;
			productName = Alamofire;
		};
		D2137FEA2982643C006E097E /* MessageKit */ = {
			isa = XCSwiftPackageProductDependency;
			package = D2137FE92982643C006E097E /* XCRemoteSwiftPackageReference "MessageKit" */;
			productName = MessageKit;
		};
/* End XCSwiftPackageProductDependency section */
	};
	rootObject = D2137FBD297FCFEC006E097E /* Project object */;
}
